// !$*UTF8*$!
{
	archiveVersion = 1;
	classes = {
	};
	objectVersion = 51;
	objects = {

/* Begin PBXBuildFile section */
		650D3150231489D500C23BC5 /* privateKey.key in Resources */ = {isa = PBXBuildFile; fileRef = 650D314F231489D500C23BC5 /* privateKey.key */; };
		650D31532314A11C00C23BC5 /* PlayerMusciViewController.swift in Sources */ = {isa = PBXBuildFile; fileRef = 650D31522314A11C00C23BC5 /* PlayerMusciViewController.swift */; };
		650D31562314AE2F00C23BC5 /* APM.wav in Resources */ = {isa = PBXBuildFile; fileRef = 650D31552314AE2E00C23BC5 /* APM.wav */; };
		6522F8572306446D0058EA1E /* HomeViewController.swift in Sources */ = {isa = PBXBuildFile; fileRef = 6522F8562306446D0058EA1E /* HomeViewController.swift */; };
		6522F859230653110058EA1E /* celdaTableViewCell.swift in Sources */ = {isa = PBXBuildFile; fileRef = 6522F858230653110058EA1E /* celdaTableViewCell.swift */; };
		6522F85B2306FCEB0058EA1E /* DiscoverMusicViewController.swift in Sources */ = {isa = PBXBuildFile; fileRef = 6522F85A2306FCEB0058EA1E /* DiscoverMusicViewController.swift */; };
		6522F85D2306FEEB0058EA1E /* ComunidadViewController.swift in Sources */ = {isa = PBXBuildFile; fileRef = 6522F85C2306FEEB0058EA1E /* ComunidadViewController.swift */; };
		6522F85F2306FF740058EA1E /* MyVaultViewController.swift in Sources */ = {isa = PBXBuildFile; fileRef = 6522F85E2306FF730058EA1E /* MyVaultViewController.swift */; };
		6522F8612306FFF40058EA1E /* StoreViewController.swift in Sources */ = {isa = PBXBuildFile; fileRef = 6522F8602306FFF40058EA1E /* StoreViewController.swift */; };
		653E44D7230612CC003D5603 /* AppDelegate.swift in Sources */ = {isa = PBXBuildFile; fileRef = 653E44D6230612CC003D5603 /* AppDelegate.swift */; };
		653E44DC230612CC003D5603 /* Main.storyboard in Resources */ = {isa = PBXBuildFile; fileRef = 653E44DA230612CC003D5603 /* Main.storyboard */; };
		653E44DF230612CC003D5603 /* Bellangelbond.xcdatamodeld in Sources */ = {isa = PBXBuildFile; fileRef = 653E44DD230612CC003D5603 /* Bellangelbond.xcdatamodeld */; };
		653E44E1230612CD003D5603 /* Assets.xcassets in Resources */ = {isa = PBXBuildFile; fileRef = 653E44E0230612CD003D5603 /* Assets.xcassets */; };
		653E44E4230612CD003D5603 /* LaunchScreen.storyboard in Resources */ = {isa = PBXBuildFile; fileRef = 653E44E2230612CD003D5603 /* LaunchScreen.storyboard */; };
		65414D5F230CC51400F82264 /* comunidadCellTableViewCell.swift in Sources */ = {isa = PBXBuildFile; fileRef = 65414D5E230CC51400F82264 /* comunidadCellTableViewCell.swift */; };
		65414D61230CC7EF00F82264 /* DiscoverTheMusicTableViewCell.swift in Sources */ = {isa = PBXBuildFile; fileRef = 65414D60230CC7EF00F82264 /* DiscoverTheMusicTableViewCell.swift */; };
		65414D63230CCABC00F82264 /* PlaylistViewController.swift in Sources */ = {isa = PBXBuildFile; fileRef = 65414D62230CCABC00F82264 /* PlaylistViewController.swift */; };
		65414D65230CCD8C00F82264 /* PlaylistTableViewCell.swift in Sources */ = {isa = PBXBuildFile; fileRef = 65414D64230CCD8C00F82264 /* PlaylistTableViewCell.swift */; };
		6567F57523085F6600DFF8F7 /* newsFeed.swift in Sources */ = {isa = PBXBuildFile; fileRef = 6567F57423085F6600DFF8F7 /* newsFeed.swift */; };
		6584619F230B0CA400670B89 /* advengers.swift in Sources */ = {isa = PBXBuildFile; fileRef = 6584619E230B0CA400670B89 /* advengers.swift */; };
		659843C3231091ED007BCD6E /* BackDoorViewController.swift in Sources */ = {isa = PBXBuildFile; fileRef = 659843C2231091ED007BCD6E /* BackDoorViewController.swift */; };
		659843C523109D64007BCD6E /* itunesModel.swift in Sources */ = {isa = PBXBuildFile; fileRef = 659843C423109D64007BCD6E /* itunesModel.swift */; };
		659843C72310A003007BCD6E /* mediaBModel.swift in Sources */ = {isa = PBXBuildFile; fileRef = 659843C62310A003007BCD6E /* mediaBModel.swift */; };
		65AE1FC3230B75F60054C2D9 /* logInViewController.swift in Sources */ = {isa = PBXBuildFile; fileRef = 65AE1FC2230B75F60054C2D9 /* logInViewController.swift */; };
		65F374F42310B0EF000CC65D /* tokenRequest.swift in Sources */ = {isa = PBXBuildFile; fileRef = 65F374F32310B0EF000CC65D /* tokenRequest.swift */; };
		D97C73E9CDA9665AF74F2138 /* Pods_Bellangelbond.framework in Frameworks */ = {isa = PBXBuildFile; fileRef = 097DFBD11979C0E3F111CD14 /* Pods_Bellangelbond.framework */; };
/* End PBXBuildFile section */

/* Begin PBXFileReference section */
		097DFBD11979C0E3F111CD14 /* Pods_Bellangelbond.framework */ = {isa = PBXFileReference; explicitFileType = wrapper.framework; includeInIndex = 0; path = Pods_Bellangelbond.framework; sourceTree = BUILT_PRODUCTS_DIR; };
		0CCC1BB6BB1C1B5FC6583080 /* Pods-Bellangelbond.release.xcconfig */ = {isa = PBXFileReference; includeInIndex = 1; lastKnownFileType = text.xcconfig; name = "Pods-Bellangelbond.release.xcconfig"; path = "Target Support Files/Pods-Bellangelbond/Pods-Bellangelbond.release.xcconfig"; sourceTree = "<group>"; };
		650D314F231489D500C23BC5 /* privateKey.key */ = {isa = PBXFileReference; fileEncoding = 4; lastKnownFileType = text; path = privateKey.key; sourceTree = SOURCE_ROOT; };
		650D31512314A0CB00C23BC5 /* 04 Adagio.m4a */ = {isa = PBXFileReference; lastKnownFileType = file; path = "04 Adagio.m4a"; sourceTree = "<group>"; };
		650D31522314A11C00C23BC5 /* PlayerMusciViewController.swift */ = {isa = PBXFileReference; lastKnownFileType = sourcecode.swift; name = PlayerMusciViewController.swift; path = Controller/PlayerMusciViewController.swift; sourceTree = "<group>"; };
		650D31542314A65500C23BC5 /* 04Adagio.m4a */ = {isa = PBXFileReference; lastKnownFileType = file; path = 04Adagio.m4a; sourceTree = "<group>"; };
		650D31552314AE2E00C23BC5 /* APM.wav */ = {isa = PBXFileReference; lastKnownFileType = audio.wav; path = APM.wav; sourceTree = "<group>"; };
		6522F8562306446D0058EA1E /* HomeViewController.swift */ = {isa = PBXFileReference; lastKnownFileType = sourcecode.swift; path = HomeViewController.swift; sourceTree = "<group>"; };
		6522F858230653110058EA1E /* celdaTableViewCell.swift */ = {isa = PBXFileReference; lastKnownFileType = sourcecode.swift; path = celdaTableViewCell.swift; sourceTree = "<group>"; };
		6522F85A2306FCEB0058EA1E /* DiscoverMusicViewController.swift */ = {isa = PBXFileReference; lastKnownFileType = sourcecode.swift; path = DiscoverMusicViewController.swift; sourceTree = "<group>"; };
		6522F85C2306FEEB0058EA1E /* ComunidadViewController.swift */ = {isa = PBXFileReference; lastKnownFileType = sourcecode.swift; path = ComunidadViewController.swift; sourceTree = "<group>"; };
		6522F85E2306FF730058EA1E /* MyVaultViewController.swift */ = {isa = PBXFileReference; lastKnownFileType = sourcecode.swift; path = MyVaultViewController.swift; sourceTree = "<group>"; };
		6522F8602306FFF40058EA1E /* StoreViewController.swift */ = {isa = PBXFileReference; lastKnownFileType = sourcecode.swift; path = StoreViewController.swift; sourceTree = "<group>"; };
		653E44D3230612CC003D5603 /* Bellangelbond.app */ = {isa = PBXFileReference; explicitFileType = wrapper.application; includeInIndex = 0; path = Bellangelbond.app; sourceTree = BUILT_PRODUCTS_DIR; };
		653E44D6230612CC003D5603 /* AppDelegate.swift */ = {isa = PBXFileReference; lastKnownFileType = sourcecode.swift; path = AppDelegate.swift; sourceTree = "<group>"; };
		653E44DB230612CC003D5603 /* Base */ = {isa = PBXFileReference; lastKnownFileType = file.storyboard; name = Base; path = Base.lproj/Main.storyboard; sourceTree = "<group>"; };
		653E44DE230612CC003D5603 /* Bellangelbond.xcdatamodel */ = {isa = PBXFileReference; lastKnownFileType = wrapper.xcdatamodel; path = Bellangelbond.xcdatamodel; sourceTree = "<group>"; };
		653E44E0230612CD003D5603 /* Assets.xcassets */ = {isa = PBXFileReference; lastKnownFileType = folder.assetcatalog; path = Assets.xcassets; sourceTree = "<group>"; };
		653E44E3230612CD003D5603 /* Base */ = {isa = PBXFileReference; lastKnownFileType = file.storyboard; name = Base; path = Base.lproj/LaunchScreen.storyboard; sourceTree = "<group>"; };
		653E44E5230612CD003D5603 /* Info.plist */ = {isa = PBXFileReference; lastKnownFileType = text.plist.xml; path = Info.plist; sourceTree = "<group>"; };
		65414D5E230CC51400F82264 /* comunidadCellTableViewCell.swift */ = {isa = PBXFileReference; lastKnownFileType = sourcecode.swift; name = comunidadCellTableViewCell.swift; path = Controller/comunidadCellTableViewCell.swift; sourceTree = "<group>"; };
		65414D60230CC7EF00F82264 /* DiscoverTheMusicTableViewCell.swift */ = {isa = PBXFileReference; lastKnownFileType = sourcecode.swift; name = DiscoverTheMusicTableViewCell.swift; path = Controller/DiscoverTheMusicTableViewCell.swift; sourceTree = "<group>"; };
		65414D62230CCABC00F82264 /* PlaylistViewController.swift */ = {isa = PBXFileReference; lastKnownFileType = sourcecode.swift; name = PlaylistViewController.swift; path = Controller/PlaylistViewController.swift; sourceTree = "<group>"; };
		65414D64230CCD8C00F82264 /* PlaylistTableViewCell.swift */ = {isa = PBXFileReference; lastKnownFileType = sourcecode.swift; name = PlaylistTableViewCell.swift; path = Controller/PlaylistTableViewCell.swift; sourceTree = "<group>"; };
		6567F57423085F6600DFF8F7 /* newsFeed.swift */ = {isa = PBXFileReference; lastKnownFileType = sourcecode.swift; path = newsFeed.swift; sourceTree = "<group>"; };
		6584619E230B0CA400670B89 /* advengers.swift */ = {isa = PBXFileReference; lastKnownFileType = sourcecode.swift; path = advengers.swift; sourceTree = "<group>"; };
		659843C2231091ED007BCD6E /* BackDoorViewController.swift */ = {isa = PBXFileReference; lastKnownFileType = sourcecode.swift; name = BackDoorViewController.swift; path = Controller/BackDoorViewController.swift; sourceTree = "<group>"; };
		659843C423109D64007BCD6E /* itunesModel.swift */ = {isa = PBXFileReference; lastKnownFileType = sourcecode.swift; path = itunesModel.swift; sourceTree = "<group>"; };
		659843C62310A003007BCD6E /* mediaBModel.swift */ = {isa = PBXFileReference; lastKnownFileType = sourcecode.swift; path = mediaBModel.swift; sourceTree = "<group>"; };
		65AE1FC1230B75A40054C2D9 /* Bellangelbond.entitlements */ = {isa = PBXFileReference; lastKnownFileType = text.plist.entitlements; path = Bellangelbond.entitlements; sourceTree = "<group>"; };
		65AE1FC2230B75F60054C2D9 /* logInViewController.swift */ = {isa = PBXFileReference; lastKnownFileType = sourcecode.swift; path = logInViewController.swift; sourceTree = "<group>"; };
		65F374F32310B0EF000CC65D /* tokenRequest.swift */ = {isa = PBXFileReference; lastKnownFileType = sourcecode.swift; path = tokenRequest.swift; sourceTree = "<group>"; };
		B8895B2F85413A752B9D5074 /* Pods-Bellangelbond.debug.xcconfig */ = {isa = PBXFileReference; includeInIndex = 1; lastKnownFileType = text.xcconfig; name = "Pods-Bellangelbond.debug.xcconfig"; path = "Target Support Files/Pods-Bellangelbond/Pods-Bellangelbond.debug.xcconfig"; sourceTree = "<group>"; };
/* End PBXFileReference section */

/* Begin PBXFrameworksBuildPhase section */
		653E44D0230612CC003D5603 /* Frameworks */ = {
			isa = PBXFrameworksBuildPhase;
			buildActionMask = 2147483647;
			files = (
				D97C73E9CDA9665AF74F2138 /* Pods_Bellangelbond.framework in Frameworks */,
			);
			runOnlyForDeploymentPostprocessing = 0;
		};
/* End PBXFrameworksBuildPhase section */

/* Begin PBXGroup section */
		2696E971F6EC7E75E33EDC64 /* Pods */ = {
			isa = PBXGroup;
			children = (
				B8895B2F85413A752B9D5074 /* Pods-Bellangelbond.debug.xcconfig */,
				0CCC1BB6BB1C1B5FC6583080 /* Pods-Bellangelbond.release.xcconfig */,
			);
			path = Pods;
			sourceTree = "<group>";
		};
		653E44CA230612CC003D5603 = {
			isa = PBXGroup;
			children = (
				653E44D5230612CC003D5603 /* Bellangelbond */,
				653E44D4230612CC003D5603 /* Products */,
				2696E971F6EC7E75E33EDC64 /* Pods */,
				BF817ED3FF7A39EC1BC380F1 /* Frameworks */,
			);
			sourceTree = "<group>";
		};
		653E44D4230612CC003D5603 /* Products */ = {
			isa = PBXGroup;
			children = (
				653E44D3230612CC003D5603 /* Bellangelbond.app */,
			);
			name = Products;
			sourceTree = "<group>";
		};
		653E44D5230612CC003D5603 /* Bellangelbond */ = {
			isa = PBXGroup;
			children = (
				650D31512314A0CB00C23BC5 /* 04 Adagio.m4a */,
				650D314F231489D500C23BC5 /* privateKey.key */,
				650D31542314A65500C23BC5 /* 04Adagio.m4a */,
				65AE1FC4230B9BB40054C2D9 /* Controller */,
				65AE1FC1230B75A40054C2D9 /* Bellangelbond.entitlements */,
				65CB3327230B2F010003A6D2 /* Model */,
				653E44D6230612CC003D5603 /* AppDelegate.swift */,
				653E44DA230612CC003D5603 /* Main.storyboard */,
				650D31522314A11C00C23BC5 /* PlayerMusciViewController.swift */,
				659843C2231091ED007BCD6E /* BackDoorViewController.swift */,
				650D31552314AE2E00C23BC5 /* APM.wav */,
				65414D64230CCD8C00F82264 /* PlaylistTableViewCell.swift */,
				65414D62230CCABC00F82264 /* PlaylistViewController.swift */,
				65414D60230CC7EF00F82264 /* DiscoverTheMusicTableViewCell.swift */,
				65414D5E230CC51400F82264 /* comunidadCellTableViewCell.swift */,
				653E44E0230612CD003D5603 /* Assets.xcassets */,
				653E44E2230612CD003D5603 /* LaunchScreen.storyboard */,
				653E44E5230612CD003D5603 /* Info.plist */,
				653E44DD230612CC003D5603 /* Bellangelbond.xcdatamodeld */,
				6522F858230653110058EA1E /* celdaTableViewCell.swift */,
			);
			path = Bellangelbond;
			sourceTree = "<group>";
		};
		65AE1FC4230B9BB40054C2D9 /* Controller */ = {
			isa = PBXGroup;
			children = (
				65AE1FC2230B75F60054C2D9 /* logInViewController.swift */,
				6522F8602306FFF40058EA1E /* StoreViewController.swift */,
				6522F85E2306FF730058EA1E /* MyVaultViewController.swift */,
				6522F85C2306FEEB0058EA1E /* ComunidadViewController.swift */,
				6522F85A2306FCEB0058EA1E /* DiscoverMusicViewController.swift */,
				6522F8562306446D0058EA1E /* HomeViewController.swift */,
			);
			path = Controller;
			sourceTree = "<group>";
		};
		65CB3327230B2F010003A6D2 /* Model */ = {
			isa = PBXGroup;
			children = (
				6567F57423085F6600DFF8F7 /* newsFeed.swift */,
				6584619E230B0CA400670B89 /* advengers.swift */,
				659843C423109D64007BCD6E /* itunesModel.swift */,
				659843C62310A003007BCD6E /* mediaBModel.swift */,
				65F374F32310B0EF000CC65D /* tokenRequest.swift */,
			);
			path = Model;
			sourceTree = "<group>";
		};
		BF817ED3FF7A39EC1BC380F1 /* Frameworks */ = {
			isa = PBXGroup;
			children = (
				097DFBD11979C0E3F111CD14 /* Pods_Bellangelbond.framework */,
			);
			name = Frameworks;
			sourceTree = "<group>";
		};
/* End PBXGroup section */

/* Begin PBXNativeTarget section */
		653E44D2230612CC003D5603 /* Bellangelbond */ = {
			isa = PBXNativeTarget;
			buildConfigurationList = 653E44E8230612CD003D5603 /* Build configuration list for PBXNativeTarget "Bellangelbond" */;
			buildPhases = (
				2FC6E29491183A81CA49C2C4 /* [CP] Check Pods Manifest.lock */,
				653E44CF230612CC003D5603 /* Sources */,
				653E44D0230612CC003D5603 /* Frameworks */,
				653E44D1230612CC003D5603 /* Resources */,
				1F48CDCE5FD445CA6BB3D494 /* [CP] Embed Pods Frameworks */,
				5FFA4810857588E2FCB12B83 /* [CP] Copy Pods Resources */,
			);
			buildRules = (
			);
			dependencies = (
			);
			name = Bellangelbond;
			productName = Bellangelbond;
			productReference = 653E44D3230612CC003D5603 /* Bellangelbond.app */;
			productType = "com.apple.product-type.application";
		};
/* End PBXNativeTarget section */

/* Begin PBXProject section */
		653E44CB230612CC003D5603 /* Project object */ = {
			isa = PBXProject;
			attributes = {
				LastSwiftUpdateCheck = 1030;
				LastUpgradeCheck = 1030;
				ORGANIZATIONNAME = "Juan Moreno";
				TargetAttributes = {
					653E44D2230612CC003D5603 = {
						CreatedOnToolsVersion = 10.3;
						SystemCapabilities = {
							com.apple.Keychain = {
								enabled = 1;
							};
						};
					};
				};
			};
			buildConfigurationList = 653E44CE230612CC003D5603 /* Build configuration list for PBXProject "Bellangelbond" */;
			compatibilityVersion = "Xcode 9.3";
			developmentRegion = en;
			hasScannedForEncodings = 0;
			knownRegions = (
				en,
				Base,
			);
			mainGroup = 653E44CA230612CC003D5603;
			productRefGroup = 653E44D4230612CC003D5603 /* Products */;
			projectDirPath = "";
			projectRoot = "";
			targets = (
				653E44D2230612CC003D5603 /* Bellangelbond */,
			);
		};
/* End PBXProject section */

/* Begin PBXResourcesBuildPhase section */
		653E44D1230612CC003D5603 /* Resources */ = {
			isa = PBXResourcesBuildPhase;
			buildActionMask = 2147483647;
			files = (
				653E44E4230612CD003D5603 /* LaunchScreen.storyboard in Resources */,
				653E44E1230612CD003D5603 /* Assets.xcassets in Resources */,
				650D31562314AE2F00C23BC5 /* APM.wav in Resources */,
				653E44DC230612CC003D5603 /* Main.storyboard in Resources */,
				650D3150231489D500C23BC5 /* privateKey.key in Resources */,
			);
			runOnlyForDeploymentPostprocessing = 0;
		};
/* End PBXResourcesBuildPhase section */

/* Begin PBXShellScriptBuildPhase section */
		1F48CDCE5FD445CA6BB3D494 /* [CP] Embed Pods Frameworks */ = {
			isa = PBXShellScriptBuildPhase;
			buildActionMask = 2147483647;
			files = (
			);
			inputFileListPaths = (
				"${PODS_ROOT}/Target Support Files/Pods-Bellangelbond/Pods-Bellangelbond-frameworks-${CONFIGURATION}-input-files.xcfilelist",
			);
			name = "[CP] Embed Pods Frameworks";
			outputFileListPaths = (
				"${PODS_ROOT}/Target Support Files/Pods-Bellangelbond/Pods-Bellangelbond-frameworks-${CONFIGURATION}-output-files.xcfilelist",
			);
			runOnlyForDeploymentPostprocessing = 0;
			shellPath = /bin/sh;
			shellScript = "\"${PODS_ROOT}/Target Support Files/Pods-Bellangelbond/Pods-Bellangelbond-frameworks.sh\"\n";
			showEnvVarsInLog = 0;
		};
		2FC6E29491183A81CA49C2C4 /* [CP] Check Pods Manifest.lock */ = {
			isa = PBXShellScriptBuildPhase;
			buildActionMask = 2147483647;
			files = (
			);
			inputFileListPaths = (
			);
			inputPaths = (
				"${PODS_PODFILE_DIR_PATH}/Podfile.lock",
				"${PODS_ROOT}/Manifest.lock",
			);
			name = "[CP] Check Pods Manifest.lock";
			outputFileListPaths = (
			);
			outputPaths = (
				"$(DERIVED_FILE_DIR)/Pods-Bellangelbond-checkManifestLockResult.txt",
			);
			runOnlyForDeploymentPostprocessing = 0;
			shellPath = /bin/sh;
			shellScript = "diff \"${PODS_PODFILE_DIR_PATH}/Podfile.lock\" \"${PODS_ROOT}/Manifest.lock\" > /dev/null\nif [ $? != 0 ] ; then\n    # print error to STDERR\n    echo \"error: The sandbox is not in sync with the Podfile.lock. Run 'pod install' or update your CocoaPods installation.\" >&2\n    exit 1\nfi\n# This output is used by Xcode 'outputs' to avoid re-running this script phase.\necho \"SUCCESS\" > \"${SCRIPT_OUTPUT_FILE_0}\"\n";
			showEnvVarsInLog = 0;
		};
		5FFA4810857588E2FCB12B83 /* [CP] Copy Pods Resources */ = {
			isa = PBXShellScriptBuildPhase;
			buildActionMask = 2147483647;
			files = (
			);
			inputFileListPaths = (
				"${PODS_ROOT}/Target Support Files/Pods-Bellangelbond/Pods-Bellangelbond-resources-${CONFIGURATION}-input-files.xcfilelist",
			);
			name = "[CP] Copy Pods Resources";
			outputFileListPaths = (
				"${PODS_ROOT}/Target Support Files/Pods-Bellangelbond/Pods-Bellangelbond-resources-${CONFIGURATION}-output-files.xcfilelist",
			);
			runOnlyForDeploymentPostprocessing = 0;
			shellPath = /bin/sh;
			shellScript = "\"${PODS_ROOT}/Target Support Files/Pods-Bellangelbond/Pods-Bellangelbond-resources.sh\"\n";
			showEnvVarsInLog = 0;
		};
/* End PBXShellScriptBuildPhase section */

/* Begin PBXSourcesBuildPhase section */
		653E44CF230612CC003D5603 /* Sources */ = {
			isa = PBXSourcesBuildPhase;
			buildActionMask = 2147483647;
			files = (
				6522F8612306FFF40058EA1E /* StoreViewController.swift in Sources */,
				6584619F230B0CA400670B89 /* advengers.swift in Sources */,
				659843C523109D64007BCD6E /* itunesModel.swift in Sources */,
				65414D63230CCABC00F82264 /* PlaylistViewController.swift in Sources */,
				6522F8572306446D0058EA1E /* HomeViewController.swift in Sources */,
				6522F85B2306FCEB0058EA1E /* DiscoverMusicViewController.swift in Sources */,
				65414D65230CCD8C00F82264 /* PlaylistTableViewCell.swift in Sources */,
				65AE1FC3230B75F60054C2D9 /* logInViewController.swift in Sources */,
				653E44D7230612CC003D5603 /* AppDelegate.swift in Sources */,
				653E44DF230612CC003D5603 /* Bellangelbond.xcdatamodeld in Sources */,
				65F374F42310B0EF000CC65D /* tokenRequest.swift in Sources */,
				6567F57523085F6600DFF8F7 /* newsFeed.swift in Sources */,
				65414D5F230CC51400F82264 /* comunidadCellTableViewCell.swift in Sources */,
				659843C3231091ED007BCD6E /* BackDoorViewController.swift in Sources */,
				6522F859230653110058EA1E /* celdaTableViewCell.swift in Sources */,
				650D31532314A11C00C23BC5 /* PlayerMusciViewController.swift in Sources */,
				6522F85D2306FEEB0058EA1E /* ComunidadViewController.swift in Sources */,
				6522F85F2306FF740058EA1E /* MyVaultViewController.swift in Sources */,
				65414D61230CC7EF00F82264 /* DiscoverTheMusicTableViewCell.swift in Sources */,
				659843C72310A003007BCD6E /* mediaBModel.swift in Sources */,
			);
			runOnlyForDeploymentPostprocessing = 0;
		};
/* End PBXSourcesBuildPhase section */

/* Begin PBXVariantGroup section */
		653E44DA230612CC003D5603 /* Main.storyboard */ = {
			isa = PBXVariantGroup;
			children = (
				653E44DB230612CC003D5603 /* Base */,
			);
			name = Main.storyboard;
			sourceTree = "<group>";
		};
		653E44E2230612CD003D5603 /* LaunchScreen.storyboard */ = {
			isa = PBXVariantGroup;
			children = (
				653E44E3230612CD003D5603 /* Base */,
			);
			name = LaunchScreen.storyboard;
			sourceTree = "<group>";
		};
/* End PBXVariantGroup section */

/* Begin XCBuildConfiguration section */
		653E44E6230612CD003D5603 /* Debug */ = {
			isa = XCBuildConfiguration;
			buildSettings = {
				ALWAYS_SEARCH_USER_PATHS = NO;
				CLANG_ANALYZER_NONNULL = YES;
				CLANG_ANALYZER_NUMBER_OBJECT_CONVERSION = YES_AGGRESSIVE;
				CLANG_CXX_LANGUAGE_STANDARD = "gnu++14";
				CLANG_CXX_LIBRARY = "libc++";
				CLANG_ENABLE_MODULES = YES;
				CLANG_ENABLE_OBJC_ARC = YES;
				CLANG_ENABLE_OBJC_WEAK = YES;
				CLANG_WARN_BLOCK_CAPTURE_AUTORELEASING = YES;
				CLANG_WARN_BOOL_CONVERSION = YES;
				CLANG_WARN_COMMA = YES;
				CLANG_WARN_CONSTANT_CONVERSION = YES;
				CLANG_WARN_DEPRECATED_OBJC_IMPLEMENTATIONS = YES;
				CLANG_WARN_DIRECT_OBJC_ISA_USAGE = YES_ERROR;
				CLANG_WARN_DOCUMENTATION_COMMENTS = YES;
				CLANG_WARN_EMPTY_BODY = YES;
				CLANG_WARN_ENUM_CONVERSION = YES;
				CLANG_WARN_INFINITE_RECURSION = YES;
				CLANG_WARN_INT_CONVERSION = YES;
				CLANG_WARN_NON_LITERAL_NULL_CONVERSION = YES;
				CLANG_WARN_OBJC_IMPLICIT_RETAIN_SELF = YES;
				CLANG_WARN_OBJC_LITERAL_CONVERSION = YES;
				CLANG_WARN_OBJC_ROOT_CLASS = YES_ERROR;
				CLANG_WARN_RANGE_LOOP_ANALYSIS = YES;
				CLANG_WARN_STRICT_PROTOTYPES = YES;
				CLANG_WARN_SUSPICIOUS_MOVE = YES;
				CLANG_WARN_UNGUARDED_AVAILABILITY = YES_AGGRESSIVE;
				CLANG_WARN_UNREACHABLE_CODE = YES;
				CLANG_WARN__DUPLICATE_METHOD_MATCH = YES;
				CODE_SIGN_IDENTITY = "iPhone Developer";
				COPY_PHASE_STRIP = NO;
				DEBUG_INFORMATION_FORMAT = dwarf;
				ENABLE_STRICT_OBJC_MSGSEND = YES;
				ENABLE_TESTABILITY = YES;
				GCC_C_LANGUAGE_STANDARD = gnu11;
				GCC_DYNAMIC_NO_PIC = NO;
				GCC_NO_COMMON_BLOCKS = YES;
				GCC_OPTIMIZATION_LEVEL = 0;
				GCC_PREPROCESSOR_DEFINITIONS = (
					"DEBUG=1",
					"$(inherited)",
				);
				GCC_WARN_64_TO_32_BIT_CONVERSION = YES;
				GCC_WARN_ABOUT_RETURN_TYPE = YES_ERROR;
				GCC_WARN_UNDECLARED_SELECTOR = YES;
				GCC_WARN_UNINITIALIZED_AUTOS = YES_AGGRESSIVE;
				GCC_WARN_UNUSED_FUNCTION = YES;
				GCC_WARN_UNUSED_VARIABLE = YES;
				IPHONEOS_DEPLOYMENT_TARGET = 12.4;
				MTL_ENABLE_DEBUG_INFO = INCLUDE_SOURCE;
				MTL_FAST_MATH = YES;
				ONLY_ACTIVE_ARCH = YES;
				SDKROOT = iphoneos;
				SWIFT_ACTIVE_COMPILATION_CONDITIONS = DEBUG;
				SWIFT_OPTIMIZATION_LEVEL = "-Onone";
			};
			name = Debug;
		};
		653E44E7230612CD003D5603 /* Release */ = {
			isa = XCBuildConfiguration;
			buildSettings = {
				ALWAYS_SEARCH_USER_PATHS = NO;
				CLANG_ANALYZER_NONNULL = YES;
				CLANG_ANALYZER_NUMBER_OBJECT_CONVERSION = YES_AGGRESSIVE;
				CLANG_CXX_LANGUAGE_STANDARD = "gnu++14";
				CLANG_CXX_LIBRARY = "libc++";
				CLANG_ENABLE_MODULES = YES;
				CLANG_ENABLE_OBJC_ARC = YES;
				CLANG_ENABLE_OBJC_WEAK = YES;
				CLANG_WARN_BLOCK_CAPTURE_AUTORELEASING = YES;
				CLANG_WARN_BOOL_CONVERSION = YES;
				CLANG_WARN_COMMA = YES;
				CLANG_WARN_CONSTANT_CONVERSION = YES;
				CLANG_WARN_DEPRECATED_OBJC_IMPLEMENTATIONS = YES;
				CLANG_WARN_DIRECT_OBJC_ISA_USAGE = YES_ERROR;
				CLANG_WARN_DOCUMENTATION_COMMENTS = YES;
				CLANG_WARN_EMPTY_BODY = YES;
				CLANG_WARN_ENUM_CONVERSION = YES;
				CLANG_WARN_INFINITE_RECURSION = YES;
				CLANG_WARN_INT_CONVERSION = YES;
				CLANG_WARN_NON_LITERAL_NULL_CONVERSION = YES;
				CLANG_WARN_OBJC_IMPLICIT_RETAIN_SELF = YES;
				CLANG_WARN_OBJC_LITERAL_CONVERSION = YES;
				CLANG_WARN_OBJC_ROOT_CLASS = YES_ERROR;
				CLANG_WARN_RANGE_LOOP_ANALYSIS = YES;
				CLANG_WARN_STRICT_PROTOTYPES = YES;
				CLANG_WARN_SUSPICIOUS_MOVE = YES;
				CLANG_WARN_UNGUARDED_AVAILABILITY = YES_AGGRESSIVE;
				CLANG_WARN_UNREACHABLE_CODE = YES;
				CLANG_WARN__DUPLICATE_METHOD_MATCH = YES;
				CODE_SIGN_IDENTITY = "iPhone Developer";
				COPY_PHASE_STRIP = NO;
				DEBUG_INFORMATION_FORMAT = "dwarf-with-dsym";
				ENABLE_NS_ASSERTIONS = NO;
				ENABLE_STRICT_OBJC_MSGSEND = YES;
				GCC_C_LANGUAGE_STANDARD = gnu11;
				GCC_NO_COMMON_BLOCKS = YES;
				GCC_WARN_64_TO_32_BIT_CONVERSION = YES;
				GCC_WARN_ABOUT_RETURN_TYPE = YES_ERROR;
				GCC_WARN_UNDECLARED_SELECTOR = YES;
				GCC_WARN_UNINITIALIZED_AUTOS = YES_AGGRESSIVE;
				GCC_WARN_UNUSED_FUNCTION = YES;
				GCC_WARN_UNUSED_VARIABLE = YES;
				IPHONEOS_DEPLOYMENT_TARGET = 12.4;
				MTL_ENABLE_DEBUG_INFO = NO;
				MTL_FAST_MATH = YES;
				SDKROOT = iphoneos;
				SWIFT_COMPILATION_MODE = wholemodule;
				SWIFT_OPTIMIZATION_LEVEL = "-O";
				VALIDATE_PRODUCT = YES;
			};
			name = Release;
		};
		653E44E9230612CD003D5603 /* Debug */ = {
			isa = XCBuildConfiguration;
			baseConfigurationReference = B8895B2F85413A752B9D5074 /* Pods-Bellangelbond.debug.xcconfig */;
			buildSettings = {
				ASSETCATALOG_COMPILER_APPICON_NAME = AppIcon;
				CODE_SIGN_ENTITLEMENTS = Bellangelbond/Bellangelbond.entitlements;
				CODE_SIGN_STYLE = Automatic;
				DEVELOPMENT_TEAM = 5766G78FC9;
				INFOPLIST_FILE = Bellangelbond/Info.plist;
				LD_RUNPATH_SEARCH_PATHS = (
					"$(inherited)",
					"@executable_path/Frameworks",
				);
				PRODUCT_BUNDLE_IDENTIFIER = sevmoreno.com.Bellangelbond;
				PRODUCT_NAME = "$(TARGET_NAME)";
				SWIFT_VERSION = 5.0;
				TARGETED_DEVICE_FAMILY = "1,2";
			};
			name = Debug;
		};
		653E44EA230612CD003D5603 /* Release */ = {
			isa = XCBuildConfiguration;
			baseConfigurationReference = 0CCC1BB6BB1C1B5FC6583080 /* Pods-Bellangelbond.release.xcconfig */;
			buildSettings = {
				ASSETCATALOG_COMPILER_APPICON_NAME = AppIcon;
				CODE_SIGN_ENTITLEMENTS = Bellangelbond/Bellangelbond.entitlements;
				CODE_SIGN_STYLE = Automatic;
				DEVELOPMENT_TEAM = 5766G78FC9;
				INFOPLIST_FILE = Bellangelbond/Info.plist;
				LD_RUNPATH_SEARCH_PATHS = (
					"$(inherited)",
					"@executable_path/Frameworks",
				);
				PRODUCT_BUNDLE_IDENTIFIER = sevmoreno.com.Bellangelbond;
				PRODUCT_NAME = "$(TARGET_NAME)";
				SWIFT_VERSION = 5.0;
				TARGETED_DEVICE_FAMILY = "1,2";
			};
			name = Release;
		};
/* End XCBuildConfiguration section */

/* Begin XCConfigurationList section */
		653E44CE230612CC003D5603 /* Build configuration list for PBXProject "Bellangelbond" */ = {
			isa = XCConfigurationList;
			buildConfigurations = (
				653E44E6230612CD003D5603 /* Debug */,
				653E44E7230612CD003D5603 /* Release */,
			);
			defaultConfigurationIsVisible = 0;
			defaultConfigurationName = Release;
		};
		653E44E8230612CD003D5603 /* Build configuration list for PBXNativeTarget "Bellangelbond" */ = {
			isa = XCConfigurationList;
			buildConfigurations = (
				653E44E9230612CD003D5603 /* Debug */,
				653E44EA230612CD003D5603 /* Release */,
			);
			defaultConfigurationIsVisible = 0;
			defaultConfigurationName = Release;
		};
/* End XCConfigurationList section */

/* Begin XCVersionGroup section */
		653E44DD230612CC003D5603 /* Bellangelbond.xcdatamodeld */ = {
			isa = XCVersionGroup;
			children = (
				653E44DE230612CC003D5603 /* Bellangelbond.xcdatamodel */,
			);
			currentVersion = 653E44DE230612CC003D5603 /* Bellangelbond.xcdatamodel */;
			path = Bellangelbond.xcdatamodeld;
			sourceTree = "<group>";
			versionGroupType = wrapper.xcdatamodel;
		};
/* End XCVersionGroup section */
	};
	rootObject = 653E44CB230612CC003D5603 /* Project object */;
}
